
Microsoft Visual Studio Solution File, Format Version 12.00
# Visual Studio Version 17
VisualStudioVersion = 17.3.32929.385
MinimumVisualStudioVersion = 10.0.40219.1
Project("{9A19103F-16F7-4668-BE54-9A1E7A4F7556}") = "GraphQLAPIDemo", "GraphQLAPIDemo\GraphQLAPIDemo.csproj", "{27ED835D-F839-4535-9658-1ADE3D02B9F8}"
EndProject
Project("{FAE04EC0-301F-11D3-BF4B-00C04F79EFBC}") = "Employee.Services", "Employee.Services\Employee.Services.csproj", "{682B80B2-136C-4B57-AC2F-FBC33C16BC6F}"
EndProject
Project("{FAE04EC0-301F-11D3-BF4B-00C04F79EFBC}") = "Employee.Repository", "Employee.Repository\Employee.Repository.csproj", "{E987D2EB-C12A-47AD-B65C-9BC91120C0FA}"
EndProject
Project("{FAE04EC0-301F-11D3-BF4B-00C04F79EFBC}") = "Employee.Domain", "Employee.Domain\Employee.Domain.csproj", "{3671DCC0-EBE8-4F42-ADD2-A337CDCCFBAD}"
EndProject
Global
	GlobalSection(SolutionConfigurationPlatforms) = preSolution
		Debug|Any CPU = Debug|Any CPU
		Release|Any CPU = Release|Any CPU
	EndGlobalSection
	GlobalSection(ProjectConfigurationPlatforms) = postSolution
		{27ED835D-F839-4535-9658-1ADE3D02B9F8}.Debug|Any CPU.ActiveCfg = Debug|Any CPU
		{27ED835D-F839-4535-9658-1ADE3D02B9F8}.Debug|Any CPU.Build.0 = Debug|Any CPU
		{27ED835D-F839-4535-9658-1ADE3D02B9F8}.Release|Any CPU.ActiveCfg = Release|Any CPU
		{27ED835D-F839-4535-9658-1ADE3D02B9F8}.Release|Any CPU.Build.0 = Release|Any CPU
		{682B80B2-136C-4B57-AC2F-FBC33C16BC6F}.Debug|Any CPU.ActiveCfg = Debug|Any CPU
		{682B80B2-136C-4B57-AC2F-FBC33C16BC6F}.Debug|Any CPU.Build.0 = Debug|Any CPU
		{682B80B2-136C-4B57-AC2F-FBC33C16BC6F}.Release|Any CPU.ActiveCfg = Release|Any CPU
		{682B80B2-136C-4B57-AC2F-FBC33C16BC6F}.Release|Any CPU.Build.0 = Release|Any CPU
		{E987D2EB-C12A-47AD-B65C-9BC91120C0FA}.Debug|Any CPU.ActiveCfg = Debug|Any CPU
		{E987D2EB-C12A-47AD-B65C-9BC91120C0FA}.Debug|Any CPU.Build.0 = Debug|Any CPU
		{E987D2EB-C12A-47AD-B65C-9BC91120C0FA}.Release|Any CPU.ActiveCfg = Release|Any CPU
		{E987D2EB-C12A-47AD-B65C-9BC91120C0FA}.Release|Any CPU.Build.0 = Release|Any CPU
		{3671DCC0-EBE8-4F42-ADD2-A337CDCCFBAD}.Debug|Any CPU.ActiveCfg = Debug|Any CPU
		{3671DCC0-EBE8-4F42-ADD2-A337CDCCFBAD}.Debug|Any CPU.Build.0 = Debug|Any CPU
		{3671DCC0-EBE8-4F42-ADD2-A337CDCCFBAD}.Release|Any CPU.ActiveCfg = Release|Any CPU
		{3671DCC0-EBE8-4F42-ADD2-A337CDCCFBAD}.Release|Any CPU.Build.0 = Release|Any CPU
	EndGlobalSection
	GlobalSection(SolutionProperties) = preSolution
		HideSolutionNode = FALSE
	EndGlobalSection
	GlobalSection(ExtensibilityGlobals) = postSolution
		SolutionGuid = {85B65ED7-0BD3-41C4-AF0B-B497BE354BE7}
	EndGlobalSection
EndGlobal
